
Microsoft Visual Studio Solution File, Format Version 12.00
# Visual Studio Version 17
VisualStudioVersion = 17.9.34728.123
MinimumVisualStudioVersion = 10.0.40219.1
Project("{9A19103F-16F7-4668-BE54-9A1E7A4F7556}") = "SCEngine", "SCEngine\SCEngine.csproj", "{83F701AB-48BF-4157-A483-2A791FE9C16F}"
EndProject
Project("{9A19103F-16F7-4668-BE54-9A1E7A4F7556}") = "Survivalcraft", "survivalcraft-api\Survivalcraft\Survivalcraft.csproj", "{5ECC3033-D71C-4745-BE05-635B522D023F}"
EndProject
Global
	GlobalSection(SolutionConfigurationPlatforms) = preSolution
		Debug|Any CPU = Debug|Any CPU
		Release|Any CPU = Release|Any CPU
	EndGlobalSection
	GlobalSection(ProjectConfigurationPlatforms) = postSolution
		{83F701AB-48BF-4157-A483-2A791FE9C16F}.Debug|Any CPU.ActiveCfg = Debug|Any CPU
		{83F701AB-48BF-4157-A483-2A791FE9C16F}.Debug|Any CPU.Build.0 = Debug|Any CPU
		{83F701AB-48BF-4157-A483-2A791FE9C16F}.Release|Any CPU.ActiveCfg = Release|Any CPU
		{83F701AB-48BF-4157-A483-2A791FE9C16F}.Release|Any CPU.Build.0 = Release|Any CPU
		{5ECC3033-D71C-4745-BE05-635B522D023F}.Debug|Any CPU.ActiveCfg = Debug|Any CPU
		{5ECC3033-D71C-4745-BE05-635B522D023F}.Debug|Any CPU.Build.0 = Debug|Any CPU
		{5ECC3033-D71C-4745-BE05-635B522D023F}.Release|Any CPU.ActiveCfg = Release|Any CPU
		{5ECC3033-D71C-4745-BE05-635B522D023F}.Release|Any CPU.Build.0 = Release|Any CPU
	EndGlobalSection
	GlobalSection(SolutionProperties) = preSolution
		HideSolutionNode = FALSE
	EndGlobalSection
	GlobalSection(ExtensibilityGlobals) = postSolution
		SolutionGuid = {AD0F86CB-D266-4856-A4E7-D44E77BD68BC}
	EndGlobalSection
EndGlobal
